
Microsoft Visual Studio Solution File, Format Version 12.00
# Visual Studio 15
VisualStudioVersion = 15.0.28307.1300
MinimumVisualStudioVersion = 10.0.40219.1
Project("{FAE04EC0-301F-11D3-BF4B-00C04F79EFBC}") = "HW_SQLite", "HW_SQLite\HW_SQLite.csproj", "{559E4253-8298-482D-9517-71629B42B1DD}"
EndProject
Global
	GlobalSection(SolutionConfigurationPlatforms) = preSolution
		Debug|Any CPU = Debug|Any CPU
		Release|Any CPU = Release|Any CPU
	EndGlobalSection
	GlobalSection(ProjectConfigurationPlatforms) = postSolution
		{559E4253-8298-482D-9517-71629B42B1DD}.Debug|Any CPU.ActiveCfg = Debug|Any CPU
		{559E4253-8298-482D-9517-71629B42B1DD}.Debug|Any CPU.Build.0 = Debug|Any CPU
		{559E4253-8298-482D-9517-71629B42B1DD}.Release|Any CPU.ActiveCfg = Release|Any CPU
		{559E4253-8298-482D-9517-71629B42B1DD}.Release|Any CPU.Build.0 = Release|Any CPU
	EndGlobalSection
	GlobalSection(SolutionProperties) = preSolution
		HideSolutionNode = FALSE
	EndGlobalSection
	GlobalSection(ExtensibilityGlobals) = postSolution
		SolutionGuid = {166DF5F4-5AD4-41F1-BE52-AE19AF73A052}
	EndGlobalSection
EndGlobal
